{
    "format_version": "1.2",
    "terraform_version": "1.9.8",
    "variables": {
      "instance_type": {
        "value": "t2.micro"
      },
      "region": {
        "value": "us-east-1"
      }
    },
    "planned_values": {
      "outputs": {
        "grafana_ip": {
          "sensitive": false
        }
      },
      "root_module": {
        "resources": [
          {
            "address": "aws_instance.grafana_server",
            "mode": "managed",
            "type": "aws_instance",
            "name": "grafana_server",
            "provider_name": "registry.terraform.io/hashicorp/aws",
            "schema_version": 1,
            "values": {
              "ami": "ami-005fc0f236362e99f",
              "credit_specification": [],
              "get_password_data": false,
              "hibernation": null,
              "instance_type": "t2.micro",
              "launch_template": [],
              "source_dest_check": true,
              "subnet_id": "subnet-0725ac4589206e284",
              "tags": {
                "Name": "grafana-server"
              },
              "tags_all": {
                "Name": "grafana-server"
              },
              "timeouts": null,
              "user_data": "829fb476176e8de655d5449a8790a17650f3af0e",
              "user_data_replace_on_change": false,
              "volume_tags": null,
              "vpc_security_group_ids": [
                "sg-0f18d06d96aadc2e0"
              ]
            },
            "sensitive_values": {
              "capacity_reservation_specification": [],
              "cpu_options": [],
              "credit_specification": [],
              "ebs_block_device": [],
              "enclave_options": [],
              "ephemeral_block_device": [],
              "instance_market_options": [],
              "ipv6_addresses": [],
              "launch_template": [],
              "maintenance_options": [],
              "metadata_options": [],
              "network_interface": [],
              "private_dns_name_options": [],
              "root_block_device": [],
              "secondary_private_ips": [],
              "security_groups": [],
              "tags": {},
              "tags_all": {},
              "vpc_security_group_ids": [
                false
              ]
            }
          },
          {
            "address": "aws_internet_gateway.gitops_igw",
            "mode": "managed",
            "type": "aws_internet_gateway",
            "name": "gitops_igw",
            "provider_name": "registry.terraform.io/hashicorp/aws",
            "schema_version": 0,
            "values": {
              "arn": "arn:aws:ec2:us-east-1:136347816899:internet-gateway/igw-027ae14c79cef045e",
              "id": "igw-027ae14c79cef045e",
              "owner_id": "136347816899",
              "tags": {
                "Name": "gitops-igw"
              },
              "tags_all": {
                "Name": "gitops-igw"
              },
              "timeouts": null,
              "vpc_id": "vpc-0cda5c756bdd8761f"
            },
            "sensitive_values": {
              "tags": {},
              "tags_all": {}
            }
          },
          {
            "address": "aws_route_table.gitops_rt",
            "mode": "managed",
            "type": "aws_route_table",
            "name": "gitops_rt",
            "provider_name": "registry.terraform.io/hashicorp/aws",
            "schema_version": 0,
            "values": {
              "arn": "arn:aws:ec2:us-east-1:136347816899:route-table/rtb-054bda8261d4a39da",
              "id": "rtb-054bda8261d4a39da",
              "owner_id": "136347816899",
              "propagating_vgws": [],
              "route": [
                {
                  "carrier_gateway_id": "",
                  "cidr_block": "0.0.0.0/0",
                  "core_network_arn": "",
                  "destination_prefix_list_id": "",
                  "egress_only_gateway_id": "",
                  "gateway_id": "igw-027ae14c79cef045e",
                  "ipv6_cidr_block": "",
                  "local_gateway_id": "",
                  "nat_gateway_id": "",
                  "network_interface_id": "",
                  "transit_gateway_id": "",
                  "vpc_endpoint_id": "",
                  "vpc_peering_connection_id": ""
                }
              ],
              "tags": {
                "Name": "gitops-rt"
              },
              "tags_all": {
                "Name": "gitops-rt"
              },
              "timeouts": null,
              "vpc_id": "vpc-0cda5c756bdd8761f"
            },
            "sensitive_values": {
              "propagating_vgws": [],
              "route": [
                {}
              ],
              "tags": {},
              "tags_all": {}
            }
          },
          {
            "address": "aws_route_table_association.gitops_rta",
            "mode": "managed",
            "type": "aws_route_table_association",
            "name": "gitops_rta",
            "provider_name": "registry.terraform.io/hashicorp/aws",
            "schema_version": 0,
            "values": {
              "gateway_id": "",
              "id": "rtbassoc-03c2c3ca04f76dca4",
              "route_table_id": "rtb-054bda8261d4a39da",
              "subnet_id": "subnet-0725ac4589206e284",
              "timeouts": null
            },
            "sensitive_values": {}
          },
          {
            "address": "aws_security_group.gitops_sg",
            "mode": "managed",
            "type": "aws_security_group",
            "name": "gitops_sg",
            "provider_name": "registry.terraform.io/hashicorp/aws",
            "schema_version": 1,
            "values": {
              "arn": "arn:aws:ec2:us-east-1:136347816899:security-group/sg-0f18d06d96aadc2e0",
              "description": "Allow port 3000",
              "egress": [
                {
                  "cidr_blocks": [
                    "0.0.0.0/0"
                  ],
                  "description": "",
                  "from_port": 0,
                  "ipv6_cidr_blocks": [],
                  "prefix_list_ids": [],
                  "protocol": "-1",
                  "security_groups": [],
                  "self": false,
                  "to_port": 0
                }
              ],
              "id": "sg-0f18d06d96aadc2e0",
              "ingress": [
                {
                  "cidr_blocks": [
                    "0.0.0.0/0"
                  ],
                  "description": "",
                  "from_port": 3000,
                  "ipv6_cidr_blocks": [],
                  "prefix_list_ids": [],
                  "protocol": "tcp",
                  "security_groups": [],
                  "self": false,
                  "to_port": 3000
                }
              ],
              "name": "gitops_sg",
              "name_prefix": "",
              "owner_id": "136347816899",
              "revoke_rules_on_delete": false,
              "tags": {
                "Name": "gitops-sg"
              },
              "tags_all": {
                "Name": "gitops-sg"
              },
              "timeouts": null,
              "vpc_id": "vpc-0cda5c756bdd8761f"
            },
            "sensitive_values": {
              "egress": [
                {
                  "cidr_blocks": [
                    false
                  ],
                  "ipv6_cidr_blocks": [],
                  "prefix_list_ids": [],
                  "security_groups": []
                }
              ],
              "ingress": [
                {
                  "cidr_blocks": [
                    false
                  ],
                  "ipv6_cidr_blocks": [],
                  "prefix_list_ids": [],
                  "security_groups": []
                }
              ],
              "tags": {},
              "tags_all": {}
            }
          },
          {
            "address": "aws_subnet.gitops_subnet",
            "mode": "managed",
            "type": "aws_subnet",
            "name": "gitops_subnet",
            "provider_name": "registry.terraform.io/hashicorp/aws",
            "schema_version": 1,
            "values": {
              "arn": "arn:aws:ec2:us-east-1:136347816899:subnet/subnet-0725ac4589206e284",
              "assign_ipv6_address_on_creation": false,
              "availability_zone": "us-east-1e",
              "availability_zone_id": "use1-az3",
              "cidr_block": "10.0.1.0/24",
              "customer_owned_ipv4_pool": "",
              "enable_dns64": false,
              "enable_lni_at_device_index": 0,
              "enable_resource_name_dns_a_record_on_launch": false,
              "enable_resource_name_dns_aaaa_record_on_launch": false,
              "id": "subnet-0725ac4589206e284",
              "ipv6_cidr_block": "",
              "ipv6_cidr_block_association_id": "",
              "ipv6_native": false,
              "map_customer_owned_ip_on_launch": false,
              "map_public_ip_on_launch": true,
              "outpost_arn": "",
              "owner_id": "136347816899",
              "private_dns_hostname_type_on_launch": "ip-name",
              "tags": {
                "Name": "gitops-subnet"
              },
              "tags_all": {
                "Name": "gitops-subnet"
              },
              "timeouts": null,
              "vpc_id": "vpc-0cda5c756bdd8761f"
            },
            "sensitive_values": {
              "tags": {},
              "tags_all": {}
            }
          },
          {
            "address": "aws_vpc.gitops_vpc",
            "mode": "managed",
            "type": "aws_vpc",
            "name": "gitops_vpc",
            "provider_name": "registry.terraform.io/hashicorp/aws",
            "schema_version": 1,
            "values": {
              "arn": "arn:aws:ec2:us-east-1:136347816899:vpc/vpc-0cda5c756bdd8761f",
              "assign_generated_ipv6_cidr_block": false,
              "cidr_block": "10.0.0.0/16",
              "default_network_acl_id": "acl-088282467586b1766",
              "default_route_table_id": "rtb-02ed68b36716f238a",
              "default_security_group_id": "sg-04ddc903189f83030",
              "dhcp_options_id": "dopt-9cfa2ae6",
              "enable_dns_hostnames": true,
              "enable_dns_support": true,
              "enable_network_address_usage_metrics": false,
              "id": "vpc-0cda5c756bdd8761f",
              "instance_tenancy": "default",
              "ipv4_ipam_pool_id": null,
              "ipv4_netmask_length": null,
              "ipv6_association_id": "",
              "ipv6_cidr_block": "",
              "ipv6_cidr_block_network_border_group": "",
              "ipv6_ipam_pool_id": "",
              "ipv6_netmask_length": 0,
              "main_route_table_id": "rtb-02ed68b36716f238a",
              "owner_id": "136347816899",
              "tags": {
                "Name": "gitops-vpc"
              },
              "tags_all": {
                "Name": "gitops-vpc"
              }
            },
            "sensitive_values": {
              "tags": {},
              "tags_all": {}
            }
          }
        ]
      }
    },
    "resource_drift": [
      {
        "address": "aws_instance.grafana_server",
        "mode": "managed",
        "type": "aws_instance",
        "name": "grafana_server",
        "provider_name": "registry.terraform.io/hashicorp/aws",
        "change": {
          "actions": [
            "delete"
          ],
          "before": {
            "ami": "ami-005fc0f236362e99f",
            "arn": "arn:aws:ec2:us-east-1:136347816899:instance/i-011b2c6af606a5155",
            "associate_public_ip_address": true,
            "availability_zone": "us-east-1e",
            "capacity_reservation_specification": [
              {
                "capacity_reservation_preference": "open",
                "capacity_reservation_target": []
              }
            ],
            "cpu_core_count": 1,
            "cpu_options": [
              {
                "amd_sev_snp": "",
                "core_count": 1,
                "threads_per_core": 1
              }
            ],
            "cpu_threads_per_core": 1,
            "credit_specification": [
              {
                "cpu_credits": "standard"
              }
            ],
            "disable_api_stop": false,
            "disable_api_termination": false,
            "ebs_block_device": [],
            "ebs_optimized": false,
            "enclave_options": [
              {
                "enabled": false
              }
            ],
            "ephemeral_block_device": [],
            "get_password_data": false,
            "hibernation": false,
            "host_id": "",
            "host_resource_group_arn": null,
            "iam_instance_profile": "",
            "id": "i-011b2c6af606a5155",
            "instance_initiated_shutdown_behavior": "stop",
            "instance_lifecycle": "",
            "instance_market_options": [],
            "instance_state": "running",
            "instance_type": "t2.micro",
            "ipv6_address_count": 0,
            "ipv6_addresses": [],
            "key_name": "",
            "launch_template": [],
            "maintenance_options": [
              {
                "auto_recovery": "default"
              }
            ],
            "metadata_options": [
              {
                "http_endpoint": "enabled",
                "http_protocol_ipv6": "disabled",
                "http_put_response_hop_limit": 1,
                "http_tokens": "optional",
                "instance_metadata_tags": "disabled"
              }
            ],
            "monitoring": false,
            "network_interface": [],
            "outpost_arn": "",
            "password_data": "",
            "placement_group": "",
            "placement_partition_number": 0,
            "primary_network_interface_id": "eni-03872c069bf49a66e",
            "private_dns": "ip-10-0-1-59.ec2.internal",
            "private_dns_name_options": [
              {
                "enable_resource_name_dns_a_record": false,
                "enable_resource_name_dns_aaaa_record": false,
                "hostname_type": "ip-name"
              }
            ],
            "private_ip": "10.0.1.59",
            "public_dns": "ec2-54-197-44-96.compute-1.amazonaws.com",
            "public_ip": "54.197.44.96",
            "root_block_device": [
              {
                "delete_on_termination": true,
                "device_name": "/dev/sda1",
                "encrypted": false,
                "iops": 100,
                "kms_key_id": "",
                "tags": {},
                "tags_all": {},
                "throughput": 0,
                "volume_id": "vol-0dbcf140033270d0d",
                "volume_size": 8,
                "volume_type": "gp2"
              }
            ],
            "secondary_private_ips": [],
            "security_groups": [],
            "source_dest_check": true,
            "spot_instance_request_id": "",
            "subnet_id": "subnet-0725ac4589206e284",
            "tags": {
              "Name": "grafana-server"
            },
            "tags_all": {
              "Name": "grafana-server"
            },
            "tenancy": "default",
            "timeouts": null,
            "user_data": "829fb476176e8de655d5449a8790a17650f3af0e",
            "user_data_base64": null,
            "user_data_replace_on_change": false,
            "volume_tags": null,
            "vpc_security_group_ids": [
              "sg-0f18d06d96aadc2e0"
            ]
          },
          "after": null,
          "after_unknown": {},
          "before_sensitive": {
            "capacity_reservation_specification": [
              {
                "capacity_reservation_target": []
              }
            ],
            "cpu_options": [
              {}
            ],
            "credit_specification": [
              {}
            ],
            "ebs_block_device": [],
            "enclave_options": [
              {}
            ],
            "ephemeral_block_device": [],
            "instance_market_options": [],
            "ipv6_addresses": [],
            "launch_template": [],
            "maintenance_options": [
              {}
            ],
            "metadata_options": [
              {}
            ],
            "network_interface": [],
            "private_dns_name_options": [
              {}
            ],
            "root_block_device": [
              {
                "tags": {},
                "tags_all": {}
              }
            ],
            "secondary_private_ips": [],
            "security_groups": [],
            "tags": {},
            "tags_all": {},
            "vpc_security_group_ids": [
              false
            ]
          },
          "after_sensitive": false
        }
      }
    ],
    "resource_changes": [
      {
        "address": "aws_instance.grafana_server",
        "mode": "managed",
        "type": "aws_instance",
        "name": "grafana_server",
        "provider_name": "registry.terraform.io/hashicorp/aws",
        "change": {
          "actions": [
            "create"
          ],
          "before": null,
          "after": {
            "ami": "ami-005fc0f236362e99f",
            "credit_specification": [],
            "get_password_data": false,
            "hibernation": null,
            "instance_type": "t2.micro",
            "launch_template": [],
            "source_dest_check": true,
            "subnet_id": "subnet-0725ac4589206e284",
            "tags": {
              "Name": "grafana-server"
            },
            "tags_all": {
              "Name": "grafana-server"
            },
            "timeouts": null,
            "user_data": "829fb476176e8de655d5449a8790a17650f3af0e",
            "user_data_replace_on_change": false,
            "volume_tags": null,
            "vpc_security_group_ids": [
              "sg-0f18d06d96aadc2e0"
            ]
          },
          "after_unknown": {
            "arn": true,
            "associate_public_ip_address": true,
            "availability_zone": true,
            "capacity_reservation_specification": true,
            "cpu_core_count": true,
            "cpu_options": true,
            "cpu_threads_per_core": true,
            "credit_specification": [],
            "disable_api_stop": true,
            "disable_api_termination": true,
            "ebs_block_device": true,
            "ebs_optimized": true,
            "enclave_options": true,
            "ephemeral_block_device": true,
            "host_id": true,
            "host_resource_group_arn": true,
            "iam_instance_profile": true,
            "id": true,
            "instance_initiated_shutdown_behavior": true,
            "instance_lifecycle": true,
            "instance_market_options": true,
            "instance_state": true,
            "ipv6_address_count": true,
            "ipv6_addresses": true,
            "key_name": true,
            "launch_template": [],
            "maintenance_options": true,
            "metadata_options": true,
            "monitoring": true,
            "network_interface": true,
            "outpost_arn": true,
            "password_data": true,
            "placement_group": true,
            "placement_partition_number": true,
            "primary_network_interface_id": true,
            "private_dns": true,
            "private_dns_name_options": true,
            "private_ip": true,
            "public_dns": true,
            "public_ip": true,
            "root_block_device": true,
            "secondary_private_ips": true,
            "security_groups": true,
            "spot_instance_request_id": true,
            "tags": {},
            "tags_all": {},
            "tenancy": true,
            "user_data_base64": true,
            "vpc_security_group_ids": [
              false
            ]
          },
          "before_sensitive": false,
          "after_sensitive": {
            "capacity_reservation_specification": [],
            "cpu_options": [],
            "credit_specification": [],
            "ebs_block_device": [],
            "enclave_options": [],
            "ephemeral_block_device": [],
            "instance_market_options": [],
            "ipv6_addresses": [],
            "launch_template": [],
            "maintenance_options": [],
            "metadata_options": [],
            "network_interface": [],
            "private_dns_name_options": [],
            "root_block_device": [],
            "secondary_private_ips": [],
            "security_groups": [],
            "tags": {},
            "tags_all": {},
            "vpc_security_group_ids": [
              false
            ]
          }
        }
      },
      {
        "address": "aws_internet_gateway.gitops_igw",
        "mode": "managed",
        "type": "aws_internet_gateway",
        "name": "gitops_igw",
        "provider_name": "registry.terraform.io/hashicorp/aws",
        "change": {
          "actions": [
            "no-op"
          ],
          "before": {
            "arn": "arn:aws:ec2:us-east-1:136347816899:internet-gateway/igw-027ae14c79cef045e",
            "id": "igw-027ae14c79cef045e",
            "owner_id": "136347816899",
            "tags": {
              "Name": "gitops-igw"
            },
            "tags_all": {
              "Name": "gitops-igw"
            },
            "timeouts": null,
            "vpc_id": "vpc-0cda5c756bdd8761f"
          },
          "after": {
            "arn": "arn:aws:ec2:us-east-1:136347816899:internet-gateway/igw-027ae14c79cef045e",
            "id": "igw-027ae14c79cef045e",
            "owner_id": "136347816899",
            "tags": {
              "Name": "gitops-igw"
            },
            "tags_all": {
              "Name": "gitops-igw"
            },
            "timeouts": null,
            "vpc_id": "vpc-0cda5c756bdd8761f"
          },
          "after_unknown": {},
          "before_sensitive": {
            "tags": {},
            "tags_all": {}
          },
          "after_sensitive": {
            "tags": {},
            "tags_all": {}
          }
        }
      },
      {
        "address": "aws_route_table.gitops_rt",
        "mode": "managed",
        "type": "aws_route_table",
        "name": "gitops_rt",
        "provider_name": "registry.terraform.io/hashicorp/aws",
        "change": {
          "actions": [
            "no-op"
          ],
          "before": {
            "arn": "arn:aws:ec2:us-east-1:136347816899:route-table/rtb-054bda8261d4a39da",
            "id": "rtb-054bda8261d4a39da",
            "owner_id": "136347816899",
            "propagating_vgws": [],
            "route": [
              {
                "carrier_gateway_id": "",
                "cidr_block": "0.0.0.0/0",
                "core_network_arn": "",
                "destination_prefix_list_id": "",
                "egress_only_gateway_id": "",
                "gateway_id": "igw-027ae14c79cef045e",
                "ipv6_cidr_block": "",
                "local_gateway_id": "",
                "nat_gateway_id": "",
                "network_interface_id": "",
                "transit_gateway_id": "",
                "vpc_endpoint_id": "",
                "vpc_peering_connection_id": ""
              }
            ],
            "tags": {
              "Name": "gitops-rt"
            },
            "tags_all": {
              "Name": "gitops-rt"
            },
            "timeouts": null,
            "vpc_id": "vpc-0cda5c756bdd8761f"
          },
          "after": {
            "arn": "arn:aws:ec2:us-east-1:136347816899:route-table/rtb-054bda8261d4a39da",
            "id": "rtb-054bda8261d4a39da",
            "owner_id": "136347816899",
            "propagating_vgws": [],
            "route": [
              {
                "carrier_gateway_id": "",
                "cidr_block": "0.0.0.0/0",
                "core_network_arn": "",
                "destination_prefix_list_id": "",
                "egress_only_gateway_id": "",
                "gateway_id": "igw-027ae14c79cef045e",
                "ipv6_cidr_block": "",
                "local_gateway_id": "",
                "nat_gateway_id": "",
                "network_interface_id": "",
                "transit_gateway_id": "",
                "vpc_endpoint_id": "",
                "vpc_peering_connection_id": ""
              }
            ],
            "tags": {
              "Name": "gitops-rt"
            },
            "tags_all": {
              "Name": "gitops-rt"
            },
            "timeouts": null,
            "vpc_id": "vpc-0cda5c756bdd8761f"
          },
          "after_unknown": {},
          "before_sensitive": {
            "propagating_vgws": [],
            "route": [
              {}
            ],
            "tags": {},
            "tags_all": {}
          },
          "after_sensitive": {
            "propagating_vgws": [],
            "route": [
              {}
            ],
            "tags": {},
            "tags_all": {}
          }
        }
      },
      {
        "address": "aws_route_table_association.gitops_rta",
        "mode": "managed",
        "type": "aws_route_table_association",
        "name": "gitops_rta",
        "provider_name": "registry.terraform.io/hashicorp/aws",
        "change": {
          "actions": [
            "no-op"
          ],
          "before": {
            "gateway_id": "",
            "id": "rtbassoc-03c2c3ca04f76dca4",
            "route_table_id": "rtb-054bda8261d4a39da",
            "subnet_id": "subnet-0725ac4589206e284",
            "timeouts": null
          },
          "after": {
            "gateway_id": "",
            "id": "rtbassoc-03c2c3ca04f76dca4",
            "route_table_id": "rtb-054bda8261d4a39da",
            "subnet_id": "subnet-0725ac4589206e284",
            "timeouts": null
          },
          "after_unknown": {},
          "before_sensitive": {},
          "after_sensitive": {}
        }
      },
      {
        "address": "aws_security_group.gitops_sg",
        "mode": "managed",
        "type": "aws_security_group",
        "name": "gitops_sg",
        "provider_name": "registry.terraform.io/hashicorp/aws",
        "change": {
          "actions": [
            "no-op"
          ],
          "before": {
            "arn": "arn:aws:ec2:us-east-1:136347816899:security-group/sg-0f18d06d96aadc2e0",
            "description": "Allow port 3000",
            "egress": [
              {
                "cidr_blocks": [
                  "0.0.0.0/0"
                ],
                "description": "",
                "from_port": 0,
                "ipv6_cidr_blocks": [],
                "prefix_list_ids": [],
                "protocol": "-1",
                "security_groups": [],
                "self": false,
                "to_port": 0
              }
            ],
            "id": "sg-0f18d06d96aadc2e0",
            "ingress": [
              {
                "cidr_blocks": [
                  "0.0.0.0/0"
                ],
                "description": "",
                "from_port": 3000,
                "ipv6_cidr_blocks": [],
                "prefix_list_ids": [],
                "protocol": "tcp",
                "security_groups": [],
                "self": false,
                "to_port": 3000
              }
            ],
            "name": "gitops_sg",
            "name_prefix": "",
            "owner_id": "136347816899",
            "revoke_rules_on_delete": false,
            "tags": {
              "Name": "gitops-sg"
            },
            "tags_all": {
              "Name": "gitops-sg"
            },
            "timeouts": null,
            "vpc_id": "vpc-0cda5c756bdd8761f"
          },
          "after": {
            "arn": "arn:aws:ec2:us-east-1:136347816899:security-group/sg-0f18d06d96aadc2e0",
            "description": "Allow port 3000",
            "egress": [
              {
                "cidr_blocks": [
                  "0.0.0.0/0"
                ],
                "description": "",
                "from_port": 0,
                "ipv6_cidr_blocks": [],
                "prefix_list_ids": [],
                "protocol": "-1",
                "security_groups": [],
                "self": false,
                "to_port": 0
              }
            ],
            "id": "sg-0f18d06d96aadc2e0",
            "ingress": [
              {
                "cidr_blocks": [
                  "0.0.0.0/0"
                ],
                "description": "",
                "from_port": 3000,
                "ipv6_cidr_blocks": [],
                "prefix_list_ids": [],
                "protocol": "tcp",
                "security_groups": [],
                "self": false,
                "to_port": 3000
              }
            ],
            "name": "gitops_sg",
            "name_prefix": "",
            "owner_id": "136347816899",
            "revoke_rules_on_delete": false,
            "tags": {
              "Name": "gitops-sg"
            },
            "tags_all": {
              "Name": "gitops-sg"
            },
            "timeouts": null,
            "vpc_id": "vpc-0cda5c756bdd8761f"
          },
          "after_unknown": {},
          "before_sensitive": {
            "egress": [
              {
                "cidr_blocks": [
                  false
                ],
                "ipv6_cidr_blocks": [],
                "prefix_list_ids": [],
                "security_groups": []
              }
            ],
            "ingress": [
              {
                "cidr_blocks": [
                  false
                ],
                "ipv6_cidr_blocks": [],
                "prefix_list_ids": [],
                "security_groups": []
              }
            ],
            "tags": {},
            "tags_all": {}
          },
          "after_sensitive": {
            "egress": [
              {
                "cidr_blocks": [
                  false
                ],
                "ipv6_cidr_blocks": [],
                "prefix_list_ids": [],
                "security_groups": []
              }
            ],
            "ingress": [
              {
                "cidr_blocks": [
                  false
                ],
                "ipv6_cidr_blocks": [],
                "prefix_list_ids": [],
                "security_groups": []
              }
            ],
            "tags": {},
            "tags_all": {}
          }
        }
      },
      {
        "address": "aws_subnet.gitops_subnet",
        "mode": "managed",
        "type": "aws_subnet",
        "name": "gitops_subnet",
        "provider_name": "registry.terraform.io/hashicorp/aws",
        "change": {
          "actions": [
            "no-op"
          ],
          "before": {
            "arn": "arn:aws:ec2:us-east-1:136347816899:subnet/subnet-0725ac4589206e284",
            "assign_ipv6_address_on_creation": false,
            "availability_zone": "us-east-1e",
            "availability_zone_id": "use1-az3",
            "cidr_block": "10.0.1.0/24",
            "customer_owned_ipv4_pool": "",
            "enable_dns64": false,
            "enable_lni_at_device_index": 0,
            "enable_resource_name_dns_a_record_on_launch": false,
            "enable_resource_name_dns_aaaa_record_on_launch": false,
            "id": "subnet-0725ac4589206e284",
            "ipv6_cidr_block": "",
            "ipv6_cidr_block_association_id": "",
            "ipv6_native": false,
            "map_customer_owned_ip_on_launch": false,
            "map_public_ip_on_launch": true,
            "outpost_arn": "",
            "owner_id": "136347816899",
            "private_dns_hostname_type_on_launch": "ip-name",
            "tags": {
              "Name": "gitops-subnet"
            },
            "tags_all": {
              "Name": "gitops-subnet"
            },
            "timeouts": null,
            "vpc_id": "vpc-0cda5c756bdd8761f"
          },
          "after": {
            "arn": "arn:aws:ec2:us-east-1:136347816899:subnet/subnet-0725ac4589206e284",
            "assign_ipv6_address_on_creation": false,
            "availability_zone": "us-east-1e",
            "availability_zone_id": "use1-az3",
            "cidr_block": "10.0.1.0/24",
            "customer_owned_ipv4_pool": "",
            "enable_dns64": false,
            "enable_lni_at_device_index": 0,
            "enable_resource_name_dns_a_record_on_launch": false,
            "enable_resource_name_dns_aaaa_record_on_launch": false,
            "id": "subnet-0725ac4589206e284",
            "ipv6_cidr_block": "",
            "ipv6_cidr_block_association_id": "",
            "ipv6_native": false,
            "map_customer_owned_ip_on_launch": false,
            "map_public_ip_on_launch": true,
            "outpost_arn": "",
            "owner_id": "136347816899",
            "private_dns_hostname_type_on_launch": "ip-name",
            "tags": {
              "Name": "gitops-subnet"
            },
            "tags_all": {
              "Name": "gitops-subnet"
            },
            "timeouts": null,
            "vpc_id": "vpc-0cda5c756bdd8761f"
          },
          "after_unknown": {},
          "before_sensitive": {
            "tags": {},
            "tags_all": {}
          },
          "after_sensitive": {
            "tags": {},
            "tags_all": {}
          }
        }
      },
      {
        "address": "aws_vpc.gitops_vpc",
        "mode": "managed",
        "type": "aws_vpc",
        "name": "gitops_vpc",
        "provider_name": "registry.terraform.io/hashicorp/aws",
        "change": {
          "actions": [
            "no-op"
          ],
          "before": {
            "arn": "arn:aws:ec2:us-east-1:136347816899:vpc/vpc-0cda5c756bdd8761f",
            "assign_generated_ipv6_cidr_block": false,
            "cidr_block": "10.0.0.0/16",
            "default_network_acl_id": "acl-088282467586b1766",
            "default_route_table_id": "rtb-02ed68b36716f238a",
            "default_security_group_id": "sg-04ddc903189f83030",
            "dhcp_options_id": "dopt-9cfa2ae6",
            "enable_dns_hostnames": true,
            "enable_dns_support": true,
            "enable_network_address_usage_metrics": false,
            "id": "vpc-0cda5c756bdd8761f",
            "instance_tenancy": "default",
            "ipv4_ipam_pool_id": null,
            "ipv4_netmask_length": null,
            "ipv6_association_id": "",
            "ipv6_cidr_block": "",
            "ipv6_cidr_block_network_border_group": "",
            "ipv6_ipam_pool_id": "",
            "ipv6_netmask_length": 0,
            "main_route_table_id": "rtb-02ed68b36716f238a",
            "owner_id": "136347816899",
            "tags": {
              "Name": "gitops-vpc"
            },
            "tags_all": {
              "Name": "gitops-vpc"
            }
          },
          "after": {
            "arn": "arn:aws:ec2:us-east-1:136347816899:vpc/vpc-0cda5c756bdd8761f",
            "assign_generated_ipv6_cidr_block": false,
            "cidr_block": "10.0.0.0/16",
            "default_network_acl_id": "acl-088282467586b1766",
            "default_route_table_id": "rtb-02ed68b36716f238a",
            "default_security_group_id": "sg-04ddc903189f83030",
            "dhcp_options_id": "dopt-9cfa2ae6",
            "enable_dns_hostnames": true,
            "enable_dns_support": true,
            "enable_network_address_usage_metrics": false,
            "id": "vpc-0cda5c756bdd8761f",
            "instance_tenancy": "default",
            "ipv4_ipam_pool_id": null,
            "ipv4_netmask_length": null,
            "ipv6_association_id": "",
            "ipv6_cidr_block": "",
            "ipv6_cidr_block_network_border_group": "",
            "ipv6_ipam_pool_id": "",
            "ipv6_netmask_length": 0,
            "main_route_table_id": "rtb-02ed68b36716f238a",
            "owner_id": "136347816899",
            "tags": {
              "Name": "gitops-vpc"
            },
            "tags_all": {
              "Name": "gitops-vpc"
            }
          },
          "after_unknown": {},
          "before_sensitive": {
            "tags": {},
            "tags_all": {}
          },
          "after_sensitive": {
            "tags": {},
            "tags_all": {}
          }
        }
      }
    ],
    "output_changes": {
      "grafana_ip": {
        "actions": [
          "update"
        ],
        "before": "http://54.197.44.96:3000",
        "after_unknown": true,
        "before_sensitive": false,
        "after_sensitive": false
      }
    },
    "prior_state": {
      "format_version": "1.0",
      "terraform_version": "1.9.8",
      "values": {
        "outputs": {
          "grafana_ip": {
            "sensitive": false,
            "value": "http://54.197.44.96:3000",
            "type": "string"
          }
        },
        "root_module": {
          "resources": [
            {
              "address": "data.aws_ami.ubuntu",
              "mode": "data",
              "type": "aws_ami",
              "name": "ubuntu",
              "provider_name": "registry.terraform.io/hashicorp/aws",
              "schema_version": 0,
              "values": {
                "architecture": "x86_64",
                "arn": "arn:aws:ec2:us-east-1::image/ami-005fc0f236362e99f",
                "block_device_mappings": [
                  {
                    "device_name": "/dev/sda1",
                    "ebs": {
                      "delete_on_termination": "true",
                      "encrypted": "false",
                      "iops": "0",
                      "snapshot_id": "snap-06f8c4e510d94f8a9",
                      "throughput": "0",
                      "volume_size": "8",
                      "volume_type": "gp2"
                    },
                    "no_device": "",
                    "virtual_name": ""
                  },
                  {
                    "device_name": "/dev/sdb",
                    "ebs": {},
                    "no_device": "",
                    "virtual_name": "ephemeral0"
                  },
                  {
                    "device_name": "/dev/sdc",
                    "ebs": {},
                    "no_device": "",
                    "virtual_name": "ephemeral1"
                  }
                ],
                "boot_mode": "uefi-preferred",
                "creation_date": "2024-09-27T03:11:47.000Z",
                "deprecation_time": "2026-09-27T03:11:47.000Z",
                "description": "Canonical, Ubuntu, 22.04 LTS, amd64 jammy image build on 2024-09-27",
                "ena_support": true,
                "executable_users": null,
                "filter": [
                  {
                    "name": "name",
                    "values": [
                      "ubuntu/images/hvm-ssd/ubuntu-jammy-22.04-amd64-server-*"
                    ]
                  },
                  {
                    "name": "virtualization-type",
                    "values": [
                      "hvm"
                    ]
                  }
                ],
                "hypervisor": "xen",
                "id": "ami-005fc0f236362e99f",
                "image_id": "ami-005fc0f236362e99f",
                "image_location": "amazon/ubuntu/images/hvm-ssd/ubuntu-jammy-22.04-amd64-server-20240927",
                "image_owner_alias": "amazon",
                "image_type": "machine",
                "imds_support": "",
                "include_deprecated": false,
                "kernel_id": "",
                "most_recent": true,
                "name": "ubuntu/images/hvm-ssd/ubuntu-jammy-22.04-amd64-server-20240927",
                "name_regex": null,
                "owner_id": "099720109477",
                "owners": [
                  "099720109477"
                ],
                "platform": "",
                "platform_details": "Linux/UNIX",
                "product_codes": [],
                "public": true,
                "ramdisk_id": "",
                "root_device_name": "/dev/sda1",
                "root_device_type": "ebs",
                "root_snapshot_id": "snap-06f8c4e510d94f8a9",
                "sriov_net_support": "simple",
                "state": "available",
                "state_reason": {
                  "code": "UNSET",
                  "message": "UNSET"
                },
                "tags": {},
                "timeouts": null,
                "tpm_support": "",
                "usage_operation": "RunInstances",
                "virtualization_type": "hvm"
              },
              "sensitive_values": {
                "block_device_mappings": [
                  {
                    "ebs": {}
                  },
                  {
                    "ebs": {}
                  },
                  {
                    "ebs": {}
                  }
                ],
                "filter": [
                  {
                    "values": [
                      false
                    ]
                  },
                  {
                    "values": [
                      false
                    ]
                  }
                ],
                "owners": [
                  false
                ],
                "product_codes": [],
                "state_reason": {},
                "tags": {}
              }
            },
            {
              "address": "aws_internet_gateway.gitops_igw",
              "mode": "managed",
              "type": "aws_internet_gateway",
              "name": "gitops_igw",
              "provider_name": "registry.terraform.io/hashicorp/aws",
              "schema_version": 0,
              "values": {
                "arn": "arn:aws:ec2:us-east-1:136347816899:internet-gateway/igw-027ae14c79cef045e",
                "id": "igw-027ae14c79cef045e",
                "owner_id": "136347816899",
                "tags": {
                  "Name": "gitops-igw"
                },
                "tags_all": {
                  "Name": "gitops-igw"
                },
                "timeouts": null,
                "vpc_id": "vpc-0cda5c756bdd8761f"
              },
              "sensitive_values": {
                "tags": {},
                "tags_all": {}
              },
              "depends_on": [
                "aws_vpc.gitops_vpc"
              ]
            },
            {
              "address": "aws_route_table.gitops_rt",
              "mode": "managed",
              "type": "aws_route_table",
              "name": "gitops_rt",
              "provider_name": "registry.terraform.io/hashicorp/aws",
              "schema_version": 0,
              "values": {
                "arn": "arn:aws:ec2:us-east-1:136347816899:route-table/rtb-054bda8261d4a39da",
                "id": "rtb-054bda8261d4a39da",
                "owner_id": "136347816899",
                "propagating_vgws": [],
                "route": [
                  {
                    "carrier_gateway_id": "",
                    "cidr_block": "0.0.0.0/0",
                    "core_network_arn": "",
                    "destination_prefix_list_id": "",
                    "egress_only_gateway_id": "",
                    "gateway_id": "igw-027ae14c79cef045e",
                    "ipv6_cidr_block": "",
                    "local_gateway_id": "",
                    "nat_gateway_id": "",
                    "network_interface_id": "",
                    "transit_gateway_id": "",
                    "vpc_endpoint_id": "",
                    "vpc_peering_connection_id": ""
                  }
                ],
                "tags": {
                  "Name": "gitops-rt"
                },
                "tags_all": {
                  "Name": "gitops-rt"
                },
                "timeouts": null,
                "vpc_id": "vpc-0cda5c756bdd8761f"
              },
              "sensitive_values": {
                "propagating_vgws": [],
                "route": [
                  {}
                ],
                "tags": {},
                "tags_all": {}
              },
              "depends_on": [
                "aws_internet_gateway.gitops_igw",
                "aws_vpc.gitops_vpc"
              ]
            },
            {
              "address": "aws_route_table_association.gitops_rta",
              "mode": "managed",
              "type": "aws_route_table_association",
              "name": "gitops_rta",
              "provider_name": "registry.terraform.io/hashicorp/aws",
              "schema_version": 0,
              "values": {
                "gateway_id": "",
                "id": "rtbassoc-03c2c3ca04f76dca4",
                "route_table_id": "rtb-054bda8261d4a39da",
                "subnet_id": "subnet-0725ac4589206e284",
                "timeouts": null
              },
              "sensitive_values": {},
              "depends_on": [
                "aws_internet_gateway.gitops_igw",
                "aws_route_table.gitops_rt",
                "aws_subnet.gitops_subnet",
                "aws_vpc.gitops_vpc"
              ]
            },
            {
              "address": "aws_security_group.gitops_sg",
              "mode": "managed",
              "type": "aws_security_group",
              "name": "gitops_sg",
              "provider_name": "registry.terraform.io/hashicorp/aws",
              "schema_version": 1,
              "values": {
                "arn": "arn:aws:ec2:us-east-1:136347816899:security-group/sg-0f18d06d96aadc2e0",
                "description": "Allow port 3000",
                "egress": [
                  {
                    "cidr_blocks": [
                      "0.0.0.0/0"
                    ],
                    "description": "",
                    "from_port": 0,
                    "ipv6_cidr_blocks": [],
                    "prefix_list_ids": [],
                    "protocol": "-1",
                    "security_groups": [],
                    "self": false,
                    "to_port": 0
                  }
                ],
                "id": "sg-0f18d06d96aadc2e0",
                "ingress": [
                  {
                    "cidr_blocks": [
                      "0.0.0.0/0"
                    ],
                    "description": "",
                    "from_port": 3000,
                    "ipv6_cidr_blocks": [],
                    "prefix_list_ids": [],
                    "protocol": "tcp",
                    "security_groups": [],
                    "self": false,
                    "to_port": 3000
                  }
                ],
                "name": "gitops_sg",
                "name_prefix": "",
                "owner_id": "136347816899",
                "revoke_rules_on_delete": false,
                "tags": {
                  "Name": "gitops-sg"
                },
                "tags_all": {
                  "Name": "gitops-sg"
                },
                "timeouts": null,
                "vpc_id": "vpc-0cda5c756bdd8761f"
              },
              "sensitive_values": {
                "egress": [
                  {
                    "cidr_blocks": [
                      false
                    ],
                    "ipv6_cidr_blocks": [],
                    "prefix_list_ids": [],
                    "security_groups": []
                  }
                ],
                "ingress": [
                  {
                    "cidr_blocks": [
                      false
                    ],
                    "ipv6_cidr_blocks": [],
                    "prefix_list_ids": [],
                    "security_groups": []
                  }
                ],
                "tags": {},
                "tags_all": {}
              },
              "depends_on": [
                "aws_vpc.gitops_vpc"
              ]
            },
            {
              "address": "aws_subnet.gitops_subnet",
              "mode": "managed",
              "type": "aws_subnet",
              "name": "gitops_subnet",
              "provider_name": "registry.terraform.io/hashicorp/aws",
              "schema_version": 1,
              "values": {
                "arn": "arn:aws:ec2:us-east-1:136347816899:subnet/subnet-0725ac4589206e284",
                "assign_ipv6_address_on_creation": false,
                "availability_zone": "us-east-1e",
                "availability_zone_id": "use1-az3",
                "cidr_block": "10.0.1.0/24",
                "customer_owned_ipv4_pool": "",
                "enable_dns64": false,
                "enable_lni_at_device_index": 0,
                "enable_resource_name_dns_a_record_on_launch": false,
                "enable_resource_name_dns_aaaa_record_on_launch": false,
                "id": "subnet-0725ac4589206e284",
                "ipv6_cidr_block": "",
                "ipv6_cidr_block_association_id": "",
                "ipv6_native": false,
                "map_customer_owned_ip_on_launch": false,
                "map_public_ip_on_launch": true,
                "outpost_arn": "",
                "owner_id": "136347816899",
                "private_dns_hostname_type_on_launch": "ip-name",
                "tags": {
                  "Name": "gitops-subnet"
                },
                "tags_all": {
                  "Name": "gitops-subnet"
                },
                "timeouts": null,
                "vpc_id": "vpc-0cda5c756bdd8761f"
              },
              "sensitive_values": {
                "tags": {},
                "tags_all": {}
              },
              "depends_on": [
                "aws_vpc.gitops_vpc"
              ]
            },
            {
              "address": "aws_vpc.gitops_vpc",
              "mode": "managed",
              "type": "aws_vpc",
              "name": "gitops_vpc",
              "provider_name": "registry.terraform.io/hashicorp/aws",
              "schema_version": 1,
              "values": {
                "arn": "arn:aws:ec2:us-east-1:136347816899:vpc/vpc-0cda5c756bdd8761f",
                "assign_generated_ipv6_cidr_block": false,
                "cidr_block": "10.0.0.0/16",
                "default_network_acl_id": "acl-088282467586b1766",
                "default_route_table_id": "rtb-02ed68b36716f238a",
                "default_security_group_id": "sg-04ddc903189f83030",
                "dhcp_options_id": "dopt-9cfa2ae6",
                "enable_dns_hostnames": true,
                "enable_dns_support": true,
                "enable_network_address_usage_metrics": false,
                "id": "vpc-0cda5c756bdd8761f",
                "instance_tenancy": "default",
                "ipv4_ipam_pool_id": null,
                "ipv4_netmask_length": null,
                "ipv6_association_id": "",
                "ipv6_cidr_block": "",
                "ipv6_cidr_block_network_border_group": "",
                "ipv6_ipam_pool_id": "",
                "ipv6_netmask_length": 0,
                "main_route_table_id": "rtb-02ed68b36716f238a",
                "owner_id": "136347816899",
                "tags": {
                  "Name": "gitops-vpc"
                },
                "tags_all": {
                  "Name": "gitops-vpc"
                }
              },
              "sensitive_values": {
                "tags": {},
                "tags_all": {}
              }
            }
          ]
        }
      }
    },
    "configuration": {
      "provider_config": {
        "aws": {
          "name": "aws",
          "full_name": "registry.terraform.io/hashicorp/aws",
          "version_constraint": "5.69.0",
          "expressions": {
            "region": {
              "references": [
                "var.region"
              ]
            }
          }
        }
      },
      "root_module": {
        "outputs": {
          "grafana_ip": {
            "expression": {
              "references": [
                "aws_instance.grafana_server.public_ip",
                "aws_instance.grafana_server"
              ]
            }
          }
        },
        "resources": [
          {
            "address": "aws_instance.grafana_server",
            "mode": "managed",
            "type": "aws_instance",
            "name": "grafana_server",
            "provider_config_key": "aws",
            "expressions": {
              "ami": {
                "references": [
                  "data.aws_ami.ubuntu.id",
                  "data.aws_ami.ubuntu"
                ]
              },
              "instance_type": {
                "references": [
                  "var.instance_type"
                ]
              },
              "subnet_id": {
                "references": [
                  "aws_subnet.gitops_subnet.id",
                  "aws_subnet.gitops_subnet"
                ]
              },
              "tags": {
                "constant_value": {
                  "Name": "grafana-server"
                }
              },
              "user_data": {},
              "vpc_security_group_ids": {
                "references": [
                  "aws_security_group.gitops_sg.id",
                  "aws_security_group.gitops_sg"
                ]
              }
            },
            "schema_version": 1
          },
          {
            "address": "aws_internet_gateway.gitops_igw",
            "mode": "managed",
            "type": "aws_internet_gateway",
            "name": "gitops_igw",
            "provider_config_key": "aws",
            "expressions": {
              "tags": {
                "constant_value": {
                  "Name": "gitops-igw"
                }
              },
              "vpc_id": {
                "references": [
                  "aws_vpc.gitops_vpc.id",
                  "aws_vpc.gitops_vpc"
                ]
              }
            },
            "schema_version": 0
          },
          {
            "address": "aws_route_table.gitops_rt",
            "mode": "managed",
            "type": "aws_route_table",
            "name": "gitops_rt",
            "provider_config_key": "aws",
            "expressions": {
              "route": {
                "references": [
                  "aws_internet_gateway.gitops_igw.id",
                  "aws_internet_gateway.gitops_igw"
                ]
              },
              "tags": {
                "constant_value": {
                  "Name": "gitops-rt"
                }
              },
              "vpc_id": {
                "references": [
                  "aws_vpc.gitops_vpc.id",
                  "aws_vpc.gitops_vpc"
                ]
              }
            },
            "schema_version": 0
          },
          {
            "address": "aws_route_table_association.gitops_rta",
            "mode": "managed",
            "type": "aws_route_table_association",
            "name": "gitops_rta",
            "provider_config_key": "aws",
            "expressions": {
              "route_table_id": {
                "references": [
                  "aws_route_table.gitops_rt.id",
                  "aws_route_table.gitops_rt"
                ]
              },
              "subnet_id": {
                "references": [
                  "aws_subnet.gitops_subnet.id",
                  "aws_subnet.gitops_subnet"
                ]
              }
            },
            "schema_version": 0
          },
          {
            "address": "aws_security_group.gitops_sg",
            "mode": "managed",
            "type": "aws_security_group",
            "name": "gitops_sg",
            "provider_config_key": "aws",
            "expressions": {
              "description": {
                "constant_value": "Allow port 3000"
              },
              "egress": {
                "constant_value": [
                  {
                    "cidr_blocks": [
                      "0.0.0.0/0"
                    ],
                    "description": null,
                    "from_port": 0,
                    "ipv6_cidr_blocks": null,
                    "prefix_list_ids": null,
                    "protocol": "-1",
                    "security_groups": null,
                    "self": null,
                    "to_port": 0
                  }
                ]
              },
              "ingress": {
                "constant_value": [
                  {
                    "cidr_blocks": [
                      "0.0.0.0/0"
                    ],
                    "description": null,
                    "from_port": 3000,
                    "ipv6_cidr_blocks": null,
                    "prefix_list_ids": null,
                    "protocol": "tcp",
                    "security_groups": null,
                    "self": null,
                    "to_port": 3000
                  }
                ]
              },
              "name": {
                "constant_value": "gitops_sg"
              },
              "tags": {
                "constant_value": {
                  "Name": "gitops-sg"
                }
              },
              "vpc_id": {
                "references": [
                  "aws_vpc.gitops_vpc.id",
                  "aws_vpc.gitops_vpc"
                ]
              }
            },
            "schema_version": 1
          },
          {
            "address": "aws_subnet.gitops_subnet",
            "mode": "managed",
            "type": "aws_subnet",
            "name": "gitops_subnet",
            "provider_config_key": "aws",
            "expressions": {
              "cidr_block": {
                "constant_value": "10.0.1.0/24"
              },
              "map_public_ip_on_launch": {
                "constant_value": true
              },
              "tags": {
                "constant_value": {
                  "Name": "gitops-subnet"
                }
              },
              "vpc_id": {
                "references": [
                  "aws_vpc.gitops_vpc.id",
                  "aws_vpc.gitops_vpc"
                ]
              }
            },
            "schema_version": 1
          },
          {
            "address": "aws_vpc.gitops_vpc",
            "mode": "managed",
            "type": "aws_vpc",
            "name": "gitops_vpc",
            "provider_config_key": "aws",
            "expressions": {
              "cidr_block": {
                "constant_value": "10.0.0.0/16"
              },
              "enable_dns_hostnames": {
                "constant_value": true
              },
              "enable_dns_support": {
                "constant_value": true
              },
              "tags": {
                "constant_value": {
                  "Name": "gitops-vpc"
                }
              }
            },
            "schema_version": 1
          },
          {
            "address": "data.aws_ami.ubuntu",
            "mode": "data",
            "type": "aws_ami",
            "name": "ubuntu",
            "provider_config_key": "aws",
            "expressions": {
              "filter": [
                {
                  "name": {
                    "constant_value": "name"
                  },
                  "values": {
                    "constant_value": [
                      "ubuntu/images/hvm-ssd/ubuntu-jammy-22.04-amd64-server-*"
                    ]
                  }
                },
                {
                  "name": {
                    "constant_value": "virtualization-type"
                  },
                  "values": {
                    "constant_value": [
                      "hvm"
                    ]
                  }
                }
              ],
              "most_recent": {
                "constant_value": true
              },
              "owners": {
                "constant_value": [
                  "099720109477"
                ]
              }
            },
            "schema_version": 0
          }
        ],
        "variables": {
          "instance_type": {},
          "region": {}
        }
      }
    },
    "relevant_attributes": [
      {
        "resource": "aws_subnet.gitops_subnet",
        "attribute": [
          "id"
        ]
      },
      {
        "resource": "data.aws_ami.ubuntu",
        "attribute": [
          "id"
        ]
      },
      {
        "resource": "aws_security_group.gitops_sg",
        "attribute": [
          "id"
        ]
      },
      {
        "resource": "aws_instance.grafana_server",
        "attribute": [
          "public_ip"
        ]
      }
    ],
    "timestamp": "2024-10-27T21:07:42Z",
    "applyable": true,
    "complete": true,
    "errored": false
  }